// !$*UTF8*$!
{
	archiveVersion = 1;
	classes = {
	};
	objectVersion = 46;
	objects = {

/* Begin PBXBuildFile section */
		5CE00AC21DBA3F6900655577 /* AppDelegate.swift in Sources */ = {isa = PBXBuildFile; fileRef = 5CE00AC11DBA3F6900655577 /* AppDelegate.swift */; };
		5CE00AC41DBA3F6900655577 /* ViewController.swift in Sources */ = {isa = PBXBuildFile; fileRef = 5CE00AC31DBA3F6900655577 /* ViewController.swift */; };
		5CE00AC71DBA3F6900655577 /* Main.storyboard in Resources */ = {isa = PBXBuildFile; fileRef = 5CE00AC51DBA3F6900655577 /* Main.storyboard */; };
		5CE00AC91DBA3F6900655577 /* Assets.xcassets in Resources */ = {isa = PBXBuildFile; fileRef = 5CE00AC81DBA3F6900655577 /* Assets.xcassets */; };
		5CE00ACC1DBA3F6900655577 /* LaunchScreen.storyboard in Resources */ = {isa = PBXBuildFile; fileRef = 5CE00ACA1DBA3F6900655577 /* LaunchScreen.storyboard */; };
		5CE00AD61DBA416400655577 /* Ethereum.mm in Sources */ = {isa = PBXBuildFile; fileRef = 5CE00AD51DBA416400655577 /* Ethereum.mm */; };
		80DCE901A7D960453CB73C88 /* libPods-CppEthereumExample.a in Frameworks */ = {isa = PBXBuildFile; fileRef = F1D5CA215BCEE57BDE77533E /* libPods-CppEthereumExample.a */; };
/* End PBXBuildFile section */

/* Begin PBXFileReference section */
		0C9A9305C1A987E953BC7B13 /* Pods-CppEthereumExample.release.xcconfig */ = {isa = PBXFileReference; includeInIndex = 1; lastKnownFileType = text.xcconfig; name = "Pods-CppEthereumExample.release.xcconfig"; path = "Pods/Target Support Files/Pods-CppEthereumExample/Pods-CppEthereumExample.release.xcconfig"; sourceTree = "<group>"; };
		5CE00ABE1DBA3F6900655577 /* CppEthereumExample.app */ = {isa = PBXFileReference; explicitFileType = wrapper.application; includeInIndex = 0; path = CppEthereumExample.app; sourceTree = BUILT_PRODUCTS_DIR; };
		5CE00AC11DBA3F6900655577 /* AppDelegate.swift */ = {isa = PBXFileReference; lastKnownFileType = sourcecode.swift; path = AppDelegate.swift; sourceTree = "<group>"; };
		5CE00AC31DBA3F6900655577 /* ViewController.swift */ = {isa = PBXFileReference; lastKnownFileType = sourcecode.swift; path = ViewController.swift; sourceTree = "<group>"; };
		5CE00AC61DBA3F6900655577 /* Base */ = {isa = PBXFileReference; lastKnownFileType = file.storyboard; name = Base; path = Base.lproj/Main.storyboard; sourceTree = "<group>"; };
		5CE00AC81DBA3F6900655577 /* Assets.xcassets */ = {isa = PBXFileReference; lastKnownFileType = folder.assetcatalog; path = Assets.xcassets; sourceTree = "<group>"; };
		5CE00ACB1DBA3F6900655577 /* Base */ = {isa = PBXFileReference; lastKnownFileType = file.storyboard; name = Base; path = Base.lproj/LaunchScreen.storyboard; sourceTree = "<group>"; };
		5CE00ACD1DBA3F6900655577 /* Info.plist */ = {isa = PBXFileReference; lastKnownFileType = text.plist.xml; path = Info.plist; sourceTree = "<group>"; };
		5CE00AD31DBA416300655577 /* CppEthereumExample-Bridging-Header.h */ = {isa = PBXFileReference; lastKnownFileType = sourcecode.c.h; path = "CppEthereumExample-Bridging-Header.h"; sourceTree = "<group>"; };
		5CE00AD41DBA416400655577 /* Ethereum.h */ = {isa = PBXFileReference; fileEncoding = 4; lastKnownFileType = sourcecode.c.h; path = Ethereum.h; sourceTree = "<group>"; };
		5CE00AD51DBA416400655577 /* Ethereum.mm */ = {isa = PBXFileReference; fileEncoding = 4; lastKnownFileType = sourcecode.cpp.objcpp; path = Ethereum.mm; sourceTree = "<group>"; };
		B9CADB1D8C55F287F77047E3 /* Pods-CppEthereumExample.debug.xcconfig */ = {isa = PBXFileReference; includeInIndex = 1; lastKnownFileType = text.xcconfig; name = "Pods-CppEthereumExample.debug.xcconfig"; path = "Pods/Target Support Files/Pods-CppEthereumExample/Pods-CppEthereumExample.debug.xcconfig"; sourceTree = "<group>"; };
		F1D5CA215BCEE57BDE77533E /* libPods-CppEthereumExample.a */ = {isa = PBXFileReference; explicitFileType = archive.ar; includeInIndex = 0; path = "libPods-CppEthereumExample.a"; sourceTree = BUILT_PRODUCTS_DIR; };
/* End PBXFileReference section */

/* Begin PBXFrameworksBuildPhase section */
		5CE00ABB1DBA3F6900655577 /* Frameworks */ = {
			isa = PBXFrameworksBuildPhase;
			buildActionMask = 2147483647;
			files = (
				80DCE901A7D960453CB73C88 /* libPods-CppEthereumExample.a in Frameworks */,
			);
			runOnlyForDeploymentPostprocessing = 0;
		};
/* End PBXFrameworksBuildPhase section */

/* Begin PBXGroup section */
		5CE00AB51DBA3F6900655577 = {
			isa = PBXGroup;
			children = (
				5CE00AC01DBA3F6900655577 /* CppEthereumExample */,
				5CE00ABF1DBA3F6900655577 /* Products */,
				A5A31F3C434897FF861E53C1 /* Pods */,
				6994DF475C9F6158C5858EFA /* Frameworks */,
			);
			sourceTree = "<group>";
		};
		5CE00ABF1DBA3F6900655577 /* Products */ = {
			isa = PBXGroup;
			children = (
				5CE00ABE1DBA3F6900655577 /* CppEthereumExample.app */,
			);
			name = Products;
			sourceTree = "<group>";
		};
		5CE00AC01DBA3F6900655577 /* CppEthereumExample */ = {
			isa = PBXGroup;
			children = (
				5CE00AC11DBA3F6900655577 /* AppDelegate.swift */,
				5CE00AC31DBA3F6900655577 /* ViewController.swift */,
				5CE00AC51DBA3F6900655577 /* Main.storyboard */,
				5CE00AC81DBA3F6900655577 /* Assets.xcassets */,
				5CE00ACA1DBA3F6900655577 /* LaunchScreen.storyboard */,
				5CE00ACD1DBA3F6900655577 /* Info.plist */,
				5CE00AD41DBA416400655577 /* Ethereum.h */,
				5CE00AD51DBA416400655577 /* Ethereum.mm */,
				5CE00AD31DBA416300655577 /* CppEthereumExample-Bridging-Header.h */,
			);
			path = CppEthereumExample;
			sourceTree = "<group>";
		};
		6994DF475C9F6158C5858EFA /* Frameworks */ = {
			isa = PBXGroup;
			children = (
				F1D5CA215BCEE57BDE77533E /* libPods-CppEthereumExample.a */,
			);
			name = Frameworks;
			sourceTree = "<group>";
		};
		A5A31F3C434897FF861E53C1 /* Pods */ = {
			isa = PBXGroup;
			children = (
				B9CADB1D8C55F287F77047E3 /* Pods-CppEthereumExample.debug.xcconfig */,
				0C9A9305C1A987E953BC7B13 /* Pods-CppEthereumExample.release.xcconfig */,
			);
			name = Pods;
			sourceTree = "<group>";
		};
/* End PBXGroup section */

/* Begin PBXNativeTarget section */
		5CE00ABD1DBA3F6900655577 /* CppEthereumExample */ = {
			isa = PBXNativeTarget;
			buildConfigurationList = 5CE00AD01DBA3F6900655577 /* Build configuration list for PBXNativeTarget "CppEthereumExample" */;
			buildPhases = (
				B64F3CA52C6AC4E537781F33 /* [CP] Check Pods Manifest.lock */,
				5CE00ABA1DBA3F6900655577 /* Sources */,
				5CE00ABB1DBA3F6900655577 /* Frameworks */,
				5CE00ABC1DBA3F6900655577 /* Resources */,
				10412EDE0B79853A77F77919 /* [CP] Embed Pods Frameworks */,
				0C17E49EE56E8E6692F2410F /* [CP] Copy Pods Resources */,
			);
			buildRules = (
			);
			dependencies = (
			);
			name = CppEthereumExample;
			productName = CppEthereumExample;
			productReference = 5CE00ABE1DBA3F6900655577 /* CppEthereumExample.app */;
			productType = "com.apple.product-type.application";
		};
/* End PBXNativeTarget section */

/* Begin PBXProject section */
		5CE00AB61DBA3F6900655577 /* Project object */ = {
			isa = PBXProject;
			attributes = {
				LastSwiftUpdateCheck = 0800;
				LastUpgradeCheck = 0800;
				ORGANIZATIONNAME = "cpp-ethereum-ios";
				TargetAttributes = {
					5CE00ABD1DBA3F6900655577 = {
						CreatedOnToolsVersion = 8.0;
						LastSwiftMigration = 0800;
						ProvisioningStyle = Automatic;
					};
				};
			};
			buildConfigurationList = 5CE00AB91DBA3F6900655577 /* Build configuration list for PBXProject "CppEthereumExample" */;
			compatibilityVersion = "Xcode 3.2";
			developmentRegion = English;
			hasScannedForEncodings = 0;
			knownRegions = (
				en,
				Base,
			);
			mainGroup = 5CE00AB51DBA3F6900655577;
			productRefGroup = 5CE00ABF1DBA3F6900655577 /* Products */;
			projectDirPath = "";
			projectRoot = "";
			targets = (
				5CE00ABD1DBA3F6900655577 /* CppEthereumExample */,
			);
		};
/* End PBXProject section */

/* Begin PBXResourcesBuildPhase section */
		5CE00ABC1DBA3F6900655577 /* Resources */ = {
			isa = PBXResourcesBuildPhase;
			buildActionMask = 2147483647;
			files = (
				5CE00ACC1DBA3F6900655577 /* LaunchScreen.storyboard in Resources */,
				5CE00AC91DBA3F6900655577 /* Assets.xcassets in Resources */,
				5CE00AC71DBA3F6900655577 /* Main.storyboard in Resources */,
			);
			runOnlyForDeploymentPostprocessing = 0;
		};
/* End PBXResourcesBuildPhase section */

/* Begin PBXShellScriptBuildPhase section */
		0C17E49EE56E8E6692F2410F /* [CP] Copy Pods Resources */ = {
			isa = PBXShellScriptBuildPhase;
			buildActionMask = 2147483647;
			files = (
			);
			inputPaths = (
			);
			name = "[CP] Copy Pods Resources";
			outputPaths = (
			);
			runOnlyForDeploymentPostprocessing = 0;
			shellPath = /bin/sh;
			shellScript = "\"${SRCROOT}/Pods/Target Support Files/Pods-CppEthereumExample/Pods-CppEthereumExample-resources.sh\"\n";
			showEnvVarsInLog = 0;
		};
		10412EDE0B79853A77F77919 /* [CP] Embed Pods Frameworks */ = {
			isa = PBXShellScriptBuildPhase;
			buildActionMask = 2147483647;
			files = (
			);
			inputPaths = (
			);
			name = "[CP] Embed Pods Frameworks";
			outputPaths = (
			);
			runOnlyForDeploymentPostprocessing = 0;
			shellPath = /bin/sh;
			shellScript = "\"${SRCROOT}/Pods/Target Support Files/Pods-CppEthereumExample/Pods-CppEthereumExample-frameworks.sh\"\n";
			showEnvVarsInLog = 0;
		};
		B64F3CA52C6AC4E537781F33 /* [CP] Check Pods Manifest.lock */ = {
			isa = PBXShellScriptBuildPhase;
			buildActionMask = 2147483647;
			files = (
			);
			inputPaths = (
			);
			name = "[CP] Check Pods Manifest.lock";
			outputPaths = (
			);
			runOnlyForDeploymentPostprocessing = 0;
			shellPath = /bin/sh;
			shellScript = "diff \"${PODS_ROOT}/../Podfile.lock\" \"${PODS_ROOT}/Manifest.lock\" > /dev/null\nif [ $? != 0 ] ; then\n    # print error to STDERR\n    echo \"error: The sandbox is not in sync with the Podfile.lock. Run 'pod install' or update your CocoaPods installation.\" >&2\n    exit 1\nfi\n";
			showEnvVarsInLog = 0;
		};
/* End PBXShellScriptBuildPhase section */

/* Begin PBXSourcesBuildPhase section */
		5CE00ABA1DBA3F6900655577 /* Sources */ = {
			isa = PBXSourcesBuildPhase;
			buildActionMask = 2147483647;
			files = (
				5CE00AC41DBA3F6900655577 /* ViewController.swift in Sources */,
				5CE00AD61DBA416400655577 /* Ethereum.mm in Sources */,
				5CE00AC21DBA3F6900655577 /* AppDelegate.swift in Sources */,
			);
			runOnlyForDeploymentPostprocessing = 0;
		};
/* End PBXSourcesBuildPhase section */

/* Begin PBXVariantGroup section */
		5CE00AC51DBA3F6900655577 /* Main.storyboard */ = {
			isa = PBXVariantGroup;
			children = (
				5CE00AC61DBA3F6900655577 /* Base */,
			);
			name = Main.storyboard;
			sourceTree = "<group>";
		};
		5CE00ACA1DBA3F6900655577 /* LaunchScreen.storyboard */ = {
			isa = PBXVariantGroup;
			children = (
				5CE00ACB1DBA3F6900655577 /* Base */,
			);
			name = LaunchScreen.storyboard;
			sourceTree = "<group>";
		};
/* End PBXVariantGroup section */

/* Begin XCBuildConfiguration section */
		5CE00ACE1DBA3F6900655577 /* Debug */ = {
			isa = XCBuildConfiguration;
			buildSettings = {
				ALWAYS_SEARCH_USER_PATHS = NO;
				CLANG_ANALYZER_NONNULL = YES;
				CLANG_CXX_LANGUAGE_STANDARD = "gnu++0x";
				CLANG_CXX_LIBRARY = "libc++";
				CLANG_ENABLE_MODULES = YES;
				CLANG_ENABLE_OBJC_ARC = YES;
				CLANG_WARN_BOOL_CONVERSION = YES;
				CLANG_WARN_CONSTANT_CONVERSION = YES;
				CLANG_WARN_DIRECT_OBJC_ISA_USAGE = YES_ERROR;
				CLANG_WARN_DOCUMENTATION_COMMENTS = YES;
				CLANG_WARN_EMPTY_BODY = YES;
				CLANG_WARN_ENUM_CONVERSION = YES;
				CLANG_WARN_INFINITE_RECURSION = YES;
				CLANG_WARN_INT_CONVERSION = YES;
				CLANG_WARN_OBJC_ROOT_CLASS = YES_ERROR;
				CLANG_WARN_SUSPICIOUS_MOVES = YES;
				CLANG_WARN_UNREACHABLE_CODE = YES;
				CLANG_WARN__DUPLICATE_METHOD_MATCH = YES;
				"CODE_SIGN_IDENTITY[sdk=iphoneos*]" = "iPhone Developer";
				COPY_PHASE_STRIP = NO;
				DEBUG_INFORMATION_FORMAT = dwarf;
				ENABLE_STRICT_OBJC_MSGSEND = YES;
				ENABLE_TESTABILITY = YES;
				GCC_C_LANGUAGE_STANDARD = gnu99;
				GCC_DYNAMIC_NO_PIC = NO;
				GCC_NO_COMMON_BLOCKS = YES;
				GCC_OPTIMIZATION_LEVEL = 0;
				GCC_PREPROCESSOR_DEFINITIONS = (
					"DEBUG=1",
					"$(inherited)",
				);
				GCC_WARN_64_TO_32_BIT_CONVERSION = YES;
				GCC_WARN_ABOUT_RETURN_TYPE = YES_ERROR;
				GCC_WARN_UNDECLARED_SELECTOR = YES;
				GCC_WARN_UNINITIALIZED_AUTOS = YES_AGGRESSIVE;
				GCC_WARN_UNUSED_FUNCTION = YES;
				GCC_WARN_UNUSED_VARIABLE = YES;
				IPHONEOS_DEPLOYMENT_TARGET = 10.0;
				MTL_ENABLE_DEBUG_INFO = YES;
				ONLY_ACTIVE_ARCH = YES;
				SDKROOT = iphoneos;
				SWIFT_ACTIVE_COMPILATION_CONDITIONS = DEBUG;
				SWIFT_OPTIMIZATION_LEVEL = "-Onone";
				TARGETED_DEVICE_FAMILY = "1,2";
			};
			name = Debug;
		};
		5CE00ACF1DBA3F6900655577 /* Release */ = {
			isa = XCBuildConfiguration;
			buildSettings = {
				ALWAYS_SEARCH_USER_PATHS = NO;
				CLANG_ANALYZER_NONNULL = YES;
				CLANG_CXX_LANGUAGE_STANDARD = "gnu++0x";
				CLANG_CXX_LIBRARY = "libc++";
				CLANG_ENABLE_MODULES = YES;
				CLANG_ENABLE_OBJC_ARC = YES;
				CLANG_WARN_BOOL_CONVERSION = YES;
				CLANG_WARN_CONSTANT_CONVERSION = YES;
				CLANG_WARN_DIRECT_OBJC_ISA_USAGE = YES_ERROR;
				CLANG_WARN_DOCUMENTATION_COMMENTS = YES;
				CLANG_WARN_EMPTY_BODY = YES;
				CLANG_WARN_ENUM_CONVERSION = YES;
				CLANG_WARN_INFINITE_RECURSION = YES;
				CLANG_WARN_INT_CONVERSION = YES;
				CLANG_WARN_OBJC_ROOT_CLASS = YES_ERROR;
				CLANG_WARN_SUSPICIOUS_MOVES = YES;
				CLANG_WARN_UNREACHABLE_CODE = YES;
				CLANG_WARN__DUPLICATE_METHOD_MATCH = YES;
				"CODE_SIGN_IDENTITY[sdk=iphoneos*]" = "iPhone Developer";
				COPY_PHASE_STRIP = NO;
				DEBUG_INFORMATION_FORMAT = "dwarf-with-dsym";
				ENABLE_NS_ASSERTIONS = NO;
				ENABLE_STRICT_OBJC_MSGSEND = YES;
				GCC_C_LANGUAGE_STANDARD = gnu99;
				GCC_NO_COMMON_BLOCKS = YES;
				GCC_WARN_64_TO_32_BIT_CONVERSION = YES;
				GCC_WARN_ABOUT_RETURN_TYPE = YES_ERROR;
				GCC_WARN_UNDECLARED_SELECTOR = YES;
				GCC_WARN_UNINITIALIZED_AUTOS = YES_AGGRESSIVE;
				GCC_WARN_UNUSED_FUNCTION = YES;
				GCC_WARN_UNUSED_VARIABLE = YES;
				IPHONEOS_DEPLOYMENT_TARGET = 10.0;
				MTL_ENABLE_DEBUG_INFO = NO;
				SDKROOT = iphoneos;
				SWIFT_OPTIMIZATION_LEVEL = "-Owholemodule";
				TARGETED_DEVICE_FAMILY = "1,2";
				VALIDATE_PRODUCT = YES;
			};
			name = Release;
		};
		5CE00AD11DBA3F6900655577 /* Debug */ = {
			isa = XCBuildConfiguration;
			baseConfigurationReference = B9CADB1D8C55F287F77047E3 /* Pods-CppEthereumExample.debug.xcconfig */;
			buildSettings = {
				ASSETCATALOG_COMPILER_APPICON_NAME = AppIcon;
				CLANG_ENABLE_MODULES = YES;
				INFOPLIST_FILE = CppEthereumExample/Info.plist;
				LD_RUNPATH_SEARCH_PATHS = "$(inherited) @executable_path/Frameworks";
				PRODUCT_BUNDLE_IDENTIFIER = com.github.CppEthereumIos.CppEthereumExample;
				PRODUCT_NAME = "$(TARGET_NAME)";
				SWIFT_OBJC_BRIDGING_HEADER = "CppEthereumExample/CppEthereumExample-Bridging-Header.h";
				SWIFT_OPTIMIZATION_LEVEL = "-Onone";
				SWIFT_VERSION = 3.0;
			};
			name = Debug;
		};
		5CE00AD21DBA3F6900655577 /* Release */ = {
			isa = XCBuildConfiguration;
			baseConfigurationReference = 0C9A9305C1A987E953BC7B13 /* Pods-CppEthereumExample.release.xcconfig */;
			buildSettings = {
				ASSETCATALOG_COMPILER_APPICON_NAME = AppIcon;
				CLANG_ENABLE_MODULES = YES;
				INFOPLIST_FILE = CppEthereumExample/Info.plist;
				LD_RUNPATH_SEARCH_PATHS = "$(inherited) @executable_path/Frameworks";
				PRODUCT_BUNDLE_IDENTIFIER = com.github.CppEthereumIos.CppEthereumExample;
				PRODUCT_NAME = "$(TARGET_NAME)";
				SWIFT_OBJC_BRIDGING_HEADER = "CppEthereumExample/CppEthereumExample-Bridging-Header.h";
				SWIFT_VERSION = 3.0;
			};
			name = Release;
		};
/* End XCBuildConfiguration section */

/* Begin XCConfigurationList section */
		5CE00AB91DBA3F6900655577 /* Build configuration list for PBXProject "CppEthereumExample" */ = {
			isa = XCConfigurationList;
			buildConfigurations = (
				5CE00ACE1DBA3F6900655577 /* Debug */,
				5CE00ACF1DBA3F6900655577 /* Release */,
			);
			defaultConfigurationIsVisible = 0;
			defaultConfigurationName = Release;
		};
		5CE00AD01DBA3F6900655577 /* Build configuration list for PBXNativeTarget "CppEthereumExample" */ = {
			isa = XCConfigurationList;
			buildConfigurations = (
				5CE00AD11DBA3F6900655577 /* Debug */,
				5CE00AD21DBA3F6900655577 /* Release */,
			);
			defaultConfigurationIsVisible = 0;
			defaultConfigurationName = Release;
		};
/* End XCConfigurationList section */
	};
	rootObject = 5CE00AB61DBA3F6900655577 /* Project object */;
}
